
Microsoft Visual Studio Solution File, Format Version 12.00
# Visual Studio 15
VisualStudioVersion = 15.0.26430.16
MinimumVisualStudioVersion = 10.0.40219.1
Project("{FAE04EC0-301F-11D3-BF4B-00C04F79EFBC}") = "CalculatorProject1", "CalculatorProject1\CalculatorProject1.csproj", "{10BDCD04-0B40-44B7-A4BF-2BA431F1CB85}"
EndProject
Global
	GlobalSection(SolutionConfigurationPlatforms) = preSolution
		Debug|Any CPU = Debug|Any CPU
		Release|Any CPU = Release|Any CPU
	EndGlobalSection
	GlobalSection(ProjectConfigurationPlatforms) = postSolution
		{10BDCD04-0B40-44B7-A4BF-2BA431F1CB85}.Debug|Any CPU.ActiveCfg = Debug|Any CPU
		{10BDCD04-0B40-44B7-A4BF-2BA431F1CB85}.Debug|Any CPU.Build.0 = Debug|Any CPU
		{10BDCD04-0B40-44B7-A4BF-2BA431F1CB85}.Release|Any CPU.ActiveCfg = Release|Any CPU
		{10BDCD04-0B40-44B7-A4BF-2BA431F1CB85}.Release|Any CPU.Build.0 = Release|Any CPU
	EndGlobalSection
	GlobalSection(SolutionProperties) = preSolution
		HideSolutionNode = FALSE
	EndGlobalSection
EndGlobal
